// !$*UTF8*$!
{
	archiveVersion = 1;
	classes = {
	};
	objectVersion = 77;
	objects = {

/* Begin PBXContainerItemProxy section */
		418BAF7C2E3F9A8B00650411 /* PBXContainerItemProxy */ = {
			isa = PBXContainerItemProxy;
			containerPortal = 418BAF662E3F9A8900650411 /* Project object */;
			proxyType = 1;
			remoteGlobalIDString = 418BAF6D2E3F9A8900650411;
			remoteInfo = PickAPal;
		};
		418BAF862E3F9A8B00650411 /* PBXContainerItemProxy */ = {
			isa = PBXContainerItemProxy;
			containerPortal = 418BAF662E3F9A8900650411 /* Project object */;
			proxyType = 1;
			remoteGlobalIDString = 418BAF6D2E3F9A8900650411;
			remoteInfo = PickAPal;
		};
/* End PBXContainerItemProxy section */

/* Begin PBXFileReference section */
		418BAF6E2E3F9A8900650411 /* PickAPal.app */ = {isa = PBXFileReference; explicitFileType = wrapper.application; includeInIndex = 0; path = PickAPal.app; sourceTree = BUILT_PRODUCTS_DIR; };
		418BAF7B2E3F9A8B00650411 /* PickAPalTests.xctest */ = {isa = PBXFileReference; explicitFileType = wrapper.cfbundle; includeInIndex = 0; path = PickAPalTests.xctest; sourceTree = BUILT_PRODUCTS_DIR; };
		418BAF852E3F9A8B00650411 /* PickAPalUITests.xctest */ = {isa = PBXFileReference; explicitFileType = wrapper.cfbundle; includeInIndex = 0; path = PickAPalUITests.xctest; sourceTree = BUILT_PRODUCTS_DIR; };
/* End PBXFileReference section */

/* Begin PBXFileSystemSynchronizedRootGroup section */
		418BAF702E3F9A8900650411 /* PickAPal */ = {
			isa = PBXFileSystemSynchronizedRootGroup;
			path = PickAPal;
			sourceTree = "<group>";
		};
		418BAF7E2E3F9A8B00650411 /* PickAPalTests */ = {
			isa = PBXFileSystemSynchronizedRootGroup;
			path = PickAPalTests;
			sourceTree = "<group>";
		};
		418BAF882E3F9A8B00650411 /* PickAPalUITests */ = {
			isa = PBXFileSystemSynchronizedRootGroup;
			path = PickAPalUITests;
			sourceTree = "<group>";
		};
/* End PBXFileSystemSynchronizedRootGroup section */

/* Begin PBXFrameworksBuildPhase section */
		418BAF6B2E3F9A8900650411 /* Frameworks */ = {
			isa = PBXFrameworksBuildPhase;
			buildActionMask = 2147483647;
			files = (
			);
			runOnlyForDeploymentPostprocessing = 0;
		};
		418BAF782E3F9A8B00650411 /* Frameworks */ = {
			isa = PBXFrameworksBuildPhase;
			buildActionMask = 2147483647;
			files = (
			);
			runOnlyForDeploymentPostprocessing = 0;
		};
		418BAF822E3F9A8B00650411 /* Frameworks */ = {
			isa = PBXFrameworksBuildPhase;
			buildActionMask = 2147483647;
			files = (
			);
			runOnlyForDeploymentPostprocessing = 0;
		};
/* End PBXFrameworksBuildPhase section */

/* Begin PBXGroup section */
		418BAF652E3F9A8900650411 = {
			isa = PBXGroup;
			children = (
				418BAF702E3F9A8900650411 /* PickAPal */,
				418BAF7E2E3F9A8B00650411 /* PickAPalTests */,
				418BAF882E3F9A8B00650411 /* PickAPalUITests */,
				418BAF6F2E3F9A8900650411 /* Products */,
			);
			sourceTree = "<group>";
		};
		418BAF6F2E3F9A8900650411 /* Products */ = {
			isa = PBXGroup;
			children = (
				418BAF6E2E3F9A8900650411 /* PickAPal.app */,
				418BAF7B2E3F9A8B00650411 /* PickAPalTests.xctest */,
				418BAF852E3F9A8B00650411 /* PickAPalUITests.xctest */,
			);
			name = Products;
			sourceTree = "<group>";
		};
/* End PBXGroup section */

/* Begin PBXNativeTarget section */
		418BAF6D2E3F9A8900650411 /* PickAPal */ = {
			isa = PBXNativeTarget;
			buildConfigurationList = 418BAF8F2E3F9A8B00650411 /* Build configuration list for PBXNativeTarget "PickAPal" */;
			buildPhases = (
				418BAF6A2E3F9A8900650411 /* Sources */,
				418BAF6B2E3F9A8900650411 /* Frameworks */,
				418BAF6C2E3F9A8900650411 /* Resources */,
			);
			buildRules = (
			);
			dependencies = (
			);
			fileSystemSynchronizedGroups = (
				418BAF702E3F9A8900650411 /* PickAPal */,
			);
			name = PickAPal;
			packageProductDependencies = (
			);
			productName = PickAPal;
			productReference = 418BAF6E2E3F9A8900650411 /* PickAPal.app */;
			productType = "com.apple.product-type.application";
		};
		418BAF7A2E3F9A8B00650411 /* PickAPalTests */ = {
			isa = PBXNativeTarget;
			buildConfigurationList = 418BAF922E3F9A8B00650411 /* Build configuration list for PBXNativeTarget "PickAPalTests" */;
			buildPhases = (
				418BAF772E3F9A8B00650411 /* Sources */,
				418BAF782E3F9A8B00650411 /* Frameworks */,
				418BAF792E3F9A8B00650411 /* Resources */,
			);
			buildRules = (
			);
			dependencies = (
				418BAF7D2E3F9A8B00650411 /* PBXTargetDependency */,
			);
			fileSystemSynchronizedGroups = (
				418BAF7E2E3F9A8B00650411 /* PickAPalTests */,
			);
			name = PickAPalTests;
			packageProductDependencies = (
			);
			productName = PickAPalTests;
			productReference = 418BAF7B2E3F9A8B00650411 /* PickAPalTests.xctest */;
			productType = "com.apple.product-type.bundle.unit-test";
		};
		418BAF842E3F9A8B00650411 /* PickAPalUITests */ = {
			isa = PBXNativeTarget;
			buildConfigurationList = 418BAF952E3F9A8B00650411 /* Build configuration list for PBXNativeTarget "PickAPalUITests" */;
			buildPhases = (
				418BAF812E3F9A8B00650411 /* Sources */,
				418BAF822E3F9A8B00650411 /* Frameworks */,
				418BAF832E3F9A8B00650411 /* Resources */,
			);
			buildRules = (
			);
			dependencies = (
				418BAF872E3F9A8B00650411 /* PBXTargetDependency */,
			);
			fileSystemSynchronizedGroups = (
				418BAF882E3F9A8B00650411 /* PickAPalUITests */,
			);
			name = PickAPalUITests;
			packageProductDependencies = (
			);
			productName = PickAPalUITests;
			productReference = 418BAF852E3F9A8B00650411 /* PickAPalUITests.xctest */;
			productType = "com.apple.product-type.bundle.ui-testing";
		};
/* End PBXNativeTarget section */

/* Begin PBXProject section */
		418BAF662E3F9A8900650411 /* Project object */ = {
			isa = PBXProject;
			attributes = {
				BuildIndependentTargetsInParallel = 1;
				LastSwiftUpdateCheck = 1640;
				LastUpgradeCheck = 1640;
				TargetAttributes = {
					418BAF6D2E3F9A8900650411 = {
						CreatedOnToolsVersion = 16.4;
					};
					418BAF7A2E3F9A8B00650411 = {
						CreatedOnToolsVersion = 16.4;
						TestTargetID = 418BAF6D2E3F9A8900650411;
					};
					418BAF842E3F9A8B00650411 = {
						CreatedOnToolsVersion = 16.4;
						TestTargetID = 418BAF6D2E3F9A8900650411;
					};
				};
			};
			buildConfigurationList = 418BAF692E3F9A8900650411 /* Build configuration list for PBXProject "PickAPal" */;
			developmentRegion = en;
			hasScannedForEncodings = 0;
			knownRegions = (
				en,
				Base,
			);
			mainGroup = 418BAF652E3F9A8900650411;
			minimizedProjectReferenceProxies = 1;
			preferredProjectObjectVersion = 77;
			productRefGroup = 418BAF6F2E3F9A8900650411 /* Products */;
			projectDirPath = "";
			projectRoot = "";
			targets = (
				418BAF6D2E3F9A8900650411 /* PickAPal */,
				418BAF7A2E3F9A8B00650411 /* PickAPalTests */,
				418BAF842E3F9A8B00650411 /* PickAPalUITests */,
			);
		};
/* End PBXProject section */

/* Begin PBXResourcesBuildPhase section */
		418BAF6C2E3F9A8900650411 /* Resources */ = {
			isa = PBXResourcesBuildPhase;
			buildActionMask = 2147483647;
			files = (
			);
			runOnlyForDeploymentPostprocessing = 0;
		};
		418BAF792E3F9A8B00650411 /* Resources */ = {
			isa = PBXResourcesBuildPhase;
			buildActionMask = 2147483647;
			files = (
			);
			runOnlyForDeploymentPostprocessing = 0;
		};
		418BAF832E3F9A8B00650411 /* Resources */ = {
			isa = PBXResourcesBuildPhase;
			buildActionMask = 2147483647;
			files = (
			);
			runOnlyForDeploymentPostprocessing = 0;
		};
/* End PBXResourcesBuildPhase section */

/* Begin PBXSourcesBuildPhase section */
		418BAF6A2E3F9A8900650411 /* Sources */ = {
			isa = PBXSourcesBuildPhase;
			buildActionMask = 2147483647;
			files = (
			);
			runOnlyForDeploymentPostprocessing = 0;
		};
		418BAF772E3F9A8B00650411 /* Sources */ = {
			isa = PBXSourcesBuildPhase;
			buildActionMask = 2147483647;
			files = (
			);
			runOnlyForDeploymentPostprocessing = 0;
		};
		418BAF812E3F9A8B00650411 /* Sources */ = {
			isa = PBXSourcesBuildPhase;
			buildActionMask = 2147483647;
			files = (
			);
			runOnlyForDeploymentPostprocessing = 0;
		};
/* End PBXSourcesBuildPhase section */

/* Begin PBXTargetDependency section */
		418BAF7D2E3F9A8B00650411 /* PBXTargetDependency */ = {
			isa = PBXTargetDependency;
			target = 418BAF6D2E3F9A8900650411 /* PickAPal */;
			targetProxy = 418BAF7C2E3F9A8B00650411 /* PBXContainerItemProxy */;
		};
		418BAF872E3F9A8B00650411 /* PBXTargetDependency */ = {
			isa = PBXTargetDependency;
			target = 418BAF6D2E3F9A8900650411 /* PickAPal */;
			targetProxy = 418BAF862E3F9A8B00650411 /* PBXContainerItemProxy */;
		};
/* End PBXTargetDependency section */

/* Begin XCBuildConfiguration section */
		418BAF8D2E3F9A8B00650411 /* Debug */ = {
			isa = XCBuildConfiguration;
			buildSettings = {
				ALWAYS_SEARCH_USER_PATHS = NO;
				ASSETCATALOG_COMPILER_GENERATE_SWIFT_ASSET_SYMBOL_EXTENSIONS = YES;
				CLANG_ANALYZER_NONNULL = YES;
				CLANG_ANALYZER_NUMBER_OBJECT_CONVERSION = YES_AGGRESSIVE;
				CLANG_CXX_LANGUAGE_STANDARD = "gnu++20";
				CLANG_ENABLE_MODULES = YES;
				CLANG_ENABLE_OBJC_ARC = YES;
				CLANG_ENABLE_OBJC_WEAK = YES;
				CLANG_WARN_BLOCK_CAPTURE_AUTORELEASING = YES;
				CLANG_WARN_BOOL_CONVERSION = YES;
				CLANG_WARN_COMMA = YES;
				CLANG_WARN_CONSTANT_CONVERSION = YES;
				CLANG_WARN_DEPRECATED_OBJC_IMPLEMENTATIONS = YES;
				CLANG_WARN_DIRECT_OBJC_ISA_USAGE = YES_ERROR;
				CLANG_WARN_DOCUMENTATION_COMMENTS = YES;
				CLANG_WARN_EMPTY_BODY = YES;
				CLANG_WARN_ENUM_CONVERSION = YES;
				CLANG_WARN_INFINITE_RECURSION = YES;
				CLANG_WARN_INT_CONVERSION = YES;
				CLANG_WARN_NON_LITERAL_NULL_CONVERSION = YES;
				CLANG_WARN_OBJC_IMPLICIT_RETAIN_SELF = YES;
				CLANG_WARN_OBJC_LITERAL_CONVERSION = YES;
				CLANG_WARN_OBJC_ROOT_CLASS = YES_ERROR;
				CLANG_WARN_QUOTED_INCLUDE_IN_FRAMEWORK_HEADER = YES;
				CLANG_WARN_RANGE_LOOP_ANALYSIS = YES;
				CLANG_WARN_STRICT_PROTOTYPES = YES;
				CLANG_WARN_SUSPICIOUS_MOVE = YES;
				CLANG_WARN_UNGUARDED_AVAILABILITY = YES_AGGRESSIVE;
				CLANG_WARN_UNREACHABLE_CODE = YES;
				CLANG_WARN__DUPLICATE_METHOD_MATCH = YES;
				COPY_PHASE_STRIP = NO;
				DEBUG_INFORMATION_FORMAT = dwarf;
				ENABLE_STRICT_OBJC_MSGSEND = YES;
				ENABLE_TESTABILITY = YES;
				ENABLE_USER_SCRIPT_SANDBOXING = YES;
				GCC_C_LANGUAGE_STANDARD = gnu17;
				GCC_DYNAMIC_NO_PIC = NO;
				GCC_NO_COMMON_BLOCKS = YES;
				GCC_OPTIMIZATION_LEVEL = 0;
				GCC_PREPROCESSOR_DEFINITIONS = (
					"DEBUG=1",
					"$(inherited)",
				);
				GCC_WARN_64_TO_32_BIT_CONVERSION = YES;
				GCC_WARN_ABOUT_RETURN_TYPE = YES_ERROR;
				GCC_WARN_UNDECLARED_SELECTOR = YES;
				GCC_WARN_UNINITIALIZED_AUTOS = YES_AGGRESSIVE;
				GCC_WARN_UNUSED_FUNCTION = YES;
				GCC_WARN_UNUSED_VARIABLE = YES;
				IPHONEOS_DEPLOYMENT_TARGET = 18.5;
				LOCALIZATION_PREFERS_STRING_CATALOGS = YES;
				MTL_ENABLE_DEBUG_INFO = INCLUDE_SOURCE;
				MTL_FAST_MATH = YES;
				ONLY_ACTIVE_ARCH = YES;
				SDKROOT = iphoneos;
				SWIFT_ACTIVE_COMPILATION_CONDITIONS = "DEBUG $(inherited)";
				SWIFT_OPTIMIZATION_LEVEL = "-Onone";
			};
			name = Debug;
		};
		418BAF8E2E3F9A8B00650411 /* Release */ = {
			isa = XCBuildConfiguration;
			buildSettings = {
				ALWAYS_SEARCH_USER_PATHS = NO;
				ASSETCATALOG_COMPILER_GENERATE_SWIFT_ASSET_SYMBOL_EXTENSIONS = YES;
				CLANG_ANALYZER_NONNULL = YES;
				CLANG_ANALYZER_NUMBER_OBJECT_CONVERSION = YES_AGGRESSIVE;
				CLANG_CXX_LANGUAGE_STANDARD = "gnu++20";
				CLANG_ENABLE_MODULES = YES;
				CLANG_ENABLE_OBJC_ARC = YES;
				CLANG_ENABLE_OBJC_WEAK = YES;
				CLANG_WARN_BLOCK_CAPTURE_AUTORELEASING = YES;
				CLANG_WARN_BOOL_CONVERSION = YES;
				CLANG_WARN_COMMA = YES;
				CLANG_WARN_CONSTANT_CONVERSION = YES;
				CLANG_WARN_DEPRECATED_OBJC_IMPLEMENTATIONS = YES;
				CLANG_WARN_DIRECT_OBJC_ISA_USAGE = YES_ERROR;
				CLANG_WARN_DOCUMENTATION_COMMENTS = YES;
				CLANG_WARN_EMPTY_BODY = YES;
				CLANG_WARN_ENUM_CONVERSION = YES;
				CLANG_WARN_INFINITE_RECURSION = YES;
				CLANG_WARN_INT_CONVERSION = YES;
				CLANG_WARN_NON_LITERAL_NULL_CONVERSION = YES;
				CLANG_WARN_OBJC_IMPLICIT_RETAIN_SELF = YES;
				CLANG_WARN_OBJC_LITERAL_CONVERSION = YES;
				CLANG_WARN_OBJC_ROOT_CLASS = YES_ERROR;
				CLANG_WARN_QUOTED_INCLUDE_IN_FRAMEWORK_HEADER = YES;
				CLANG_WARN_RANGE_LOOP_ANALYSIS = YES;
				CLANG_WARN_STRICT_PROTOTYPES = YES;
				CLANG_WARN_SUSPICIOUS_MOVE = YES;
				CLANG_WARN_UNGUARDED_AVAILABILITY = YES_AGGRESSIVE;
				CLANG_WARN_UNREACHABLE_CODE = YES;
				CLANG_WARN__DUPLICATE_METHOD_MATCH = YES;
				COPY_PHASE_STRIP = NO;
				DEBUG_INFORMATION_FORMAT = "dwarf-with-dsym";
				ENABLE_NS_ASSERTIONS = NO;
				ENABLE_STRICT_OBJC_MSGSEND = YES;
				ENABLE_USER_SCRIPT_SANDBOXING = YES;
				GCC_C_LANGUAGE_STANDARD = gnu17;
				GCC_NO_COMMON_BLOCKS = YES;
				GCC_WARN_64_TO_32_BIT_CONVERSION = YES;
				GCC_WARN_ABOUT_RETURN_TYPE = YES_ERROR;
				GCC_WARN_UNDECLARED_SELECTOR = YES;
				GCC_WARN_UNINITIALIZED_AUTOS = YES_AGGRESSIVE;
				GCC_WARN_UNUSED_FUNCTION = YES;
				GCC_WARN_UNUSED_VARIABLE = YES;
				IPHONEOS_DEPLOYMENT_TARGET = 18.5;
				LOCALIZATION_PREFERS_STRING_CATALOGS = YES;
				MTL_ENABLE_DEBUG_INFO = NO;
				MTL_FAST_MATH = YES;
				SDKROOT = iphoneos;
				SWIFT_COMPILATION_MODE = wholemodule;
				VALIDATE_PRODUCT = YES;
			};
			name = Release;
		};
		418BAF902E3F9A8B00650411 /* Debug */ = {
			isa = XCBuildConfiguration;
			buildSettings = {
				ASSETCATALOG_COMPILER_APPICON_NAME = AppIcon;
				ASSETCATALOG_COMPILER_GLOBAL_ACCENT_COLOR_NAME = AccentColor;
				CODE_SIGN_STYLE = Automatic;
				CURRENT_PROJECT_VERSION = 1;
				ENABLE_PREVIEWS = YES;
				GENERATE_INFOPLIST_FILE = YES;
				INFOPLIST_KEY_UIApplicationSceneManifest_Generation = YES;
				INFOPLIST_KEY_UIApplicationSupportsIndirectInputEvents = YES;
				INFOPLIST_KEY_UILaunchScreen_Generation = YES;
				INFOPLIST_KEY_UISupportedInterfaceOrientations_iPad = "UIInterfaceOrientationPortrait UIInterfaceOrientationPortraitUpsideDown UIInterfaceOrientationLandscapeLeft UIInterfaceOrientationLandscapeRight";
				INFOPLIST_KEY_UISupportedInterfaceOrientations_iPhone = "UIInterfaceOrientationPortrait UIInterfaceOrientationLandscapeLeft UIInterfaceOrientationLandscapeRight";
				LD_RUNPATH_SEARCH_PATHS = (
					"$(inherited)",
					"@executable_path/Frameworks",
				);
				MARKETING_VERSION = 1.0;
				PRODUCT_BUNDLE_IDENTIFIER = he.PickAPal;
				PRODUCT_NAME = "$(TARGET_NAME)";
				SWIFT_EMIT_LOC_STRINGS = YES;
				SWIFT_VERSION = 5.0;
				TARGETED_DEVICE_FAMILY = "1,2";
			};
			name = Debug;
		};
		418BAF912E3F9A8B00650411 /* Release */ = {
			isa = XCBuildConfiguration;
			buildSettings = {
				ASSETCATALOG_COMPILER_APPICON_NAME = AppIcon;
				ASSETCATALOG_COMPILER_GLOBAL_ACCENT_COLOR_NAME = AccentColor;
				CODE_SIGN_STYLE = Automatic;
				CURRENT_PROJECT_VERSION = 1;
				ENABLE_PREVIEWS = YES;
				GENERATE_INFOPLIST_FILE = YES;
				INFOPLIST_KEY_UIApplicationSceneManifest_Generation = YES;
				INFOPLIST_KEY_UIApplicationSupportsIndirectInputEvents = YES;
				INFOPLIST_KEY_UILaunchScreen_Generation = YES;
				INFOPLIST_KEY_UISupportedInterfaceOrientations_iPad = "UIInterfaceOrientationPortrait UIInterfaceOrientationPortraitUpsideDown UIInterfaceOrientationLandscapeLeft UIInterfaceOrientationLandscapeRight";
				INFOPLIST_KEY_UISupportedInterfaceOrientations_iPhone = "UIInterfaceOrientationPortrait UIInterfaceOrientationLandscapeLeft UIInterfaceOrientationLandscapeRight";
				LD_RUNPATH_SEARCH_PATHS = (
					"$(inherited)",
					"@executable_path/Frameworks",
				);
				MARKETING_VERSION = 1.0;
				PRODUCT_BUNDLE_IDENTIFIER = he.PickAPal;
				PRODUCT_NAME = "$(TARGET_NAME)";
				SWIFT_EMIT_LOC_STRINGS = YES;
				SWIFT_VERSION = 5.0;
				TARGETED_DEVICE_FAMILY = "1,2";
			};
			name = Release;
		};
		418BAF932E3F9A8B00650411 /* Debug */ = {
			isa = XCBuildConfiguration;
			buildSettings = {
				BUNDLE_LOADER = "$(TEST_HOST)";
				CODE_SIGN_STYLE = Automatic;
				CURRENT_PROJECT_VERSION = 1;
				GENERATE_INFOPLIST_FILE = YES;
				IPHONEOS_DEPLOYMENT_TARGET = 18.5;
				MARKETING_VERSION = 1.0;
				PRODUCT_BUNDLE_IDENTIFIER = he.PickAPalTests;
				PRODUCT_NAME = "$(TARGET_NAME)";
				SWIFT_EMIT_LOC_STRINGS = NO;
				SWIFT_VERSION = 5.0;
				TARGETED_DEVICE_FAMILY = "1,2";
				TEST_HOST = "$(BUILT_PRODUCTS_DIR)/PickAPal.app/$(BUNDLE_EXECUTABLE_FOLDER_PATH)/PickAPal";
			};
			name = Debug;
		};
		418BAF942E3F9A8B00650411 /* Release */ = {
			isa = XCBuildConfiguration;
			buildSettings = {
				BUNDLE_LOADER = "$(TEST_HOST)";
				CODE_SIGN_STYLE = Automatic;
				CURRENT_PROJECT_VERSION = 1;
				GENERATE_INFOPLIST_FILE = YES;
				IPHONEOS_DEPLOYMENT_TARGET = 18.5;
				MARKETING_VERSION = 1.0;
				PRODUCT_BUNDLE_IDENTIFIER = he.PickAPalTests;
				PRODUCT_NAME = "$(TARGET_NAME)";
				SWIFT_EMIT_LOC_STRINGS = NO;
				SWIFT_VERSION = 5.0;
				TARGETED_DEVICE_FAMILY = "1,2";
				TEST_HOST = "$(BUILT_PRODUCTS_DIR)/PickAPal.app/$(BUNDLE_EXECUTABLE_FOLDER_PATH)/PickAPal";
			};
			name = Release;
		};
		418BAF962E3F9A8B00650411 /* Debug */ = {
			isa = XCBuildConfiguration;
			buildSettings = {
				CODE_SIGN_STYLE = Automatic;
				CURRENT_PROJECT_VERSION = 1;
				GENERATE_INFOPLIST_FILE = YES;
				MARKETING_VERSION = 1.0;
				PRODUCT_BUNDLE_IDENTIFIER = he.PickAPalUITests;
				PRODUCT_NAME = "$(TARGET_NAME)";
				SWIFT_EMIT_LOC_STRINGS = NO;
				SWIFT_VERSION = 5.0;
				TARGETED_DEVICE_FAMILY = "1,2";
				TEST_TARGET_NAME = PickAPal;
			};
			name = Debug;
		};
		418BAF972E3F9A8B00650411 /* Release */ = {
			isa = XCBuildConfiguration;
			buildSettings = {
				CODE_SIGN_STYLE = Automatic;
				CURRENT_PROJECT_VERSION = 1;
				GENERATE_INFOPLIST_FILE = YES;
				MARKETING_VERSION = 1.0;
				PRODUCT_BUNDLE_IDENTIFIER = he.PickAPalUITests;
				PRODUCT_NAME = "$(TARGET_NAME)";
				SWIFT_EMIT_LOC_STRINGS = NO;
				SWIFT_VERSION = 5.0;
				TARGETED_DEVICE_FAMILY = "1,2";
				TEST_TARGET_NAME = PickAPal;
			};
			name = Release;
		};
/* End XCBuildConfiguration section */

/* Begin XCConfigurationList section */
		418BAF692E3F9A8900650411 /* Build configuration list for PBXProject "PickAPal" */ = {
			isa = XCConfigurationList;
			buildConfigurations = (
				418BAF8D2E3F9A8B00650411 /* Debug */,
				418BAF8E2E3F9A8B00650411 /* Release */,
			);
			defaultConfigurationIsVisible = 0;
			defaultConfigurationName = Release;
		};
		418BAF8F2E3F9A8B00650411 /* Build configuration list for PBXNativeTarget "PickAPal" */ = {
			isa = XCConfigurationList;
			buildConfigurations = (
				418BAF902E3F9A8B00650411 /* Debug */,
				418BAF912E3F9A8B00650411 /* Release */,
			);
			defaultConfigurationIsVisible = 0;
			defaultConfigurationName = Release;
		};
		418BAF922E3F9A8B00650411 /* Build configuration list for PBXNativeTarget "PickAPalTests" */ = {
			isa = XCConfigurationList;
			buildConfigurations = (
				418BAF932E3F9A8B00650411 /* Debug */,
				418BAF942E3F9A8B00650411 /* Release */,
			);
			defaultConfigurationIsVisible = 0;
			defaultConfigurationName = Release;
		};
		418BAF952E3F9A8B00650411 /* Build configuration list for PBXNativeTarget "PickAPalUITests" */ = {
			isa = XCConfigurationList;
			buildConfigurations = (
				418BAF962E3F9A8B00650411 /* Debug */,
				418BAF972E3F9A8B00650411 /* Release */,
			);
			defaultConfigurationIsVisible = 0;
			defaultConfigurationName = Release;
		};
/* End XCConfigurationList section */
	};
	rootObject = 418BAF662E3F9A8900650411 /* Project object */;
}
