// !$*UTF8*$!
{
	archiveVersion = 1;
	classes = {
	};
	objectVersion = 77;
	objects = {

/* Begin PBXContainerItemProxy section */
		41684E712E4A3DCE0015D97E /* PBXContainerItemProxy */ = {
			isa = PBXContainerItemProxy;
			containerPortal = 41684E5B2E4A3DCB0015D97E /* Project object */;
			proxyType = 1;
			remoteGlobalIDString = 41684E622E4A3DCB0015D97E;
			remoteInfo = FriendsFavourateMovies;
		};
		41684E7B2E4A3DCE0015D97E /* PBXContainerItemProxy */ = {
			isa = PBXContainerItemProxy;
			containerPortal = 41684E5B2E4A3DCB0015D97E /* Project object */;
			proxyType = 1;
			remoteGlobalIDString = 41684E622E4A3DCB0015D97E;
			remoteInfo = FriendsFavourateMovies;
		};
/* End PBXContainerItemProxy section */

/* Begin PBXFileReference section */
		41684E632E4A3DCB0015D97E /* FriendsFavourateMovies.app */ = {isa = PBXFileReference; explicitFileType = wrapper.application; includeInIndex = 0; path = FriendsFavourateMovies.app; sourceTree = BUILT_PRODUCTS_DIR; };
		41684E702E4A3DCE0015D97E /* FriendsFavourateMoviesTests.xctest */ = {isa = PBXFileReference; explicitFileType = wrapper.cfbundle; includeInIndex = 0; path = FriendsFavourateMoviesTests.xctest; sourceTree = BUILT_PRODUCTS_DIR; };
		41684E7A2E4A3DCE0015D97E /* FriendsFavourateMoviesUITests.xctest */ = {isa = PBXFileReference; explicitFileType = wrapper.cfbundle; includeInIndex = 0; path = FriendsFavourateMoviesUITests.xctest; sourceTree = BUILT_PRODUCTS_DIR; };
/* End PBXFileReference section */

/* Begin PBXFileSystemSynchronizedRootGroup section */
		41684E652E4A3DCB0015D97E /* FriendsFavourateMovies */ = {
			isa = PBXFileSystemSynchronizedRootGroup;
			path = FriendsFavourateMovies;
			sourceTree = "<group>";
		};
		41684E732E4A3DCE0015D97E /* FriendsFavourateMoviesTests */ = {
			isa = PBXFileSystemSynchronizedRootGroup;
			path = FriendsFavourateMoviesTests;
			sourceTree = "<group>";
		};
		41684E7D2E4A3DCE0015D97E /* FriendsFavourateMoviesUITests */ = {
			isa = PBXFileSystemSynchronizedRootGroup;
			path = FriendsFavourateMoviesUITests;
			sourceTree = "<group>";
		};
/* End PBXFileSystemSynchronizedRootGroup section */

/* Begin PBXFrameworksBuildPhase section */
		41684E602E4A3DCB0015D97E /* Frameworks */ = {
			isa = PBXFrameworksBuildPhase;
			buildActionMask = 2147483647;
			files = (
			);
			runOnlyForDeploymentPostprocessing = 0;
		};
		41684E6D2E4A3DCE0015D97E /* Frameworks */ = {
			isa = PBXFrameworksBuildPhase;
			buildActionMask = 2147483647;
			files = (
			);
			runOnlyForDeploymentPostprocessing = 0;
		};
		41684E772E4A3DCE0015D97E /* Frameworks */ = {
			isa = PBXFrameworksBuildPhase;
			buildActionMask = 2147483647;
			files = (
			);
			runOnlyForDeploymentPostprocessing = 0;
		};
/* End PBXFrameworksBuildPhase section */

/* Begin PBXGroup section */
		41684E5A2E4A3DCB0015D97E = {
			isa = PBXGroup;
			children = (
				41684E652E4A3DCB0015D97E /* FriendsFavourateMovies */,
				41684E732E4A3DCE0015D97E /* FriendsFavourateMoviesTests */,
				41684E7D2E4A3DCE0015D97E /* FriendsFavourateMoviesUITests */,
				41684E642E4A3DCB0015D97E /* Products */,
			);
			sourceTree = "<group>";
		};
		41684E642E4A3DCB0015D97E /* Products */ = {
			isa = PBXGroup;
			children = (
				41684E632E4A3DCB0015D97E /* FriendsFavourateMovies.app */,
				41684E702E4A3DCE0015D97E /* FriendsFavourateMoviesTests.xctest */,
				41684E7A2E4A3DCE0015D97E /* FriendsFavourateMoviesUITests.xctest */,
			);
			name = Products;
			sourceTree = "<group>";
		};
/* End PBXGroup section */

/* Begin PBXNativeTarget section */
		41684E622E4A3DCB0015D97E /* FriendsFavourateMovies */ = {
			isa = PBXNativeTarget;
			buildConfigurationList = 41684E842E4A3DCE0015D97E /* Build configuration list for PBXNativeTarget "FriendsFavourateMovies" */;
			buildPhases = (
				41684E5F2E4A3DCB0015D97E /* Sources */,
				41684E602E4A3DCB0015D97E /* Frameworks */,
				41684E612E4A3DCB0015D97E /* Resources */,
			);
			buildRules = (
			);
			dependencies = (
			);
			fileSystemSynchronizedGroups = (
				41684E652E4A3DCB0015D97E /* FriendsFavourateMovies */,
			);
			name = FriendsFavourateMovies;
			packageProductDependencies = (
			);
			productName = FriendsFavourateMovies;
			productReference = 41684E632E4A3DCB0015D97E /* FriendsFavourateMovies.app */;
			productType = "com.apple.product-type.application";
		};
		41684E6F2E4A3DCE0015D97E /* FriendsFavourateMoviesTests */ = {
			isa = PBXNativeTarget;
			buildConfigurationList = 41684E872E4A3DCE0015D97E /* Build configuration list for PBXNativeTarget "FriendsFavourateMoviesTests" */;
			buildPhases = (
				41684E6C2E4A3DCE0015D97E /* Sources */,
				41684E6D2E4A3DCE0015D97E /* Frameworks */,
				41684E6E2E4A3DCE0015D97E /* Resources */,
			);
			buildRules = (
			);
			dependencies = (
				41684E722E4A3DCE0015D97E /* PBXTargetDependency */,
			);
			fileSystemSynchronizedGroups = (
				41684E732E4A3DCE0015D97E /* FriendsFavourateMoviesTests */,
			);
			name = FriendsFavourateMoviesTests;
			packageProductDependencies = (
			);
			productName = FriendsFavourateMoviesTests;
			productReference = 41684E702E4A3DCE0015D97E /* FriendsFavourateMoviesTests.xctest */;
			productType = "com.apple.product-type.bundle.unit-test";
		};
		41684E792E4A3DCE0015D97E /* FriendsFavourateMoviesUITests */ = {
			isa = PBXNativeTarget;
			buildConfigurationList = 41684E8A2E4A3DCE0015D97E /* Build configuration list for PBXNativeTarget "FriendsFavourateMoviesUITests" */;
			buildPhases = (
				41684E762E4A3DCE0015D97E /* Sources */,
				41684E772E4A3DCE0015D97E /* Frameworks */,
				41684E782E4A3DCE0015D97E /* Resources */,
			);
			buildRules = (
			);
			dependencies = (
				41684E7C2E4A3DCE0015D97E /* PBXTargetDependency */,
			);
			fileSystemSynchronizedGroups = (
				41684E7D2E4A3DCE0015D97E /* FriendsFavourateMoviesUITests */,
			);
			name = FriendsFavourateMoviesUITests;
			packageProductDependencies = (
			);
			productName = FriendsFavourateMoviesUITests;
			productReference = 41684E7A2E4A3DCE0015D97E /* FriendsFavourateMoviesUITests.xctest */;
			productType = "com.apple.product-type.bundle.ui-testing";
		};
/* End PBXNativeTarget section */

/* Begin PBXProject section */
		41684E5B2E4A3DCB0015D97E /* Project object */ = {
			isa = PBXProject;
			attributes = {
				BuildIndependentTargetsInParallel = 1;
				LastSwiftUpdateCheck = 1640;
				LastUpgradeCheck = 1640;
				TargetAttributes = {
					41684E622E4A3DCB0015D97E = {
						CreatedOnToolsVersion = 16.4;
					};
					41684E6F2E4A3DCE0015D97E = {
						CreatedOnToolsVersion = 16.4;
						TestTargetID = 41684E622E4A3DCB0015D97E;
					};
					41684E792E4A3DCE0015D97E = {
						CreatedOnToolsVersion = 16.4;
						TestTargetID = 41684E622E4A3DCB0015D97E;
					};
				};
			};
			buildConfigurationList = 41684E5E2E4A3DCB0015D97E /* Build configuration list for PBXProject "FriendsFavourateMovies" */;
			developmentRegion = en;
			hasScannedForEncodings = 0;
			knownRegions = (
				en,
				Base,
			);
			mainGroup = 41684E5A2E4A3DCB0015D97E;
			minimizedProjectReferenceProxies = 1;
			preferredProjectObjectVersion = 77;
			productRefGroup = 41684E642E4A3DCB0015D97E /* Products */;
			projectDirPath = "";
			projectRoot = "";
			targets = (
				41684E622E4A3DCB0015D97E /* FriendsFavourateMovies */,
				41684E6F2E4A3DCE0015D97E /* FriendsFavourateMoviesTests */,
				41684E792E4A3DCE0015D97E /* FriendsFavourateMoviesUITests */,
			);
		};
/* End PBXProject section */

/* Begin PBXResourcesBuildPhase section */
		41684E612E4A3DCB0015D97E /* Resources */ = {
			isa = PBXResourcesBuildPhase;
			buildActionMask = 2147483647;
			files = (
			);
			runOnlyForDeploymentPostprocessing = 0;
		};
		41684E6E2E4A3DCE0015D97E /* Resources */ = {
			isa = PBXResourcesBuildPhase;
			buildActionMask = 2147483647;
			files = (
			);
			runOnlyForDeploymentPostprocessing = 0;
		};
		41684E782E4A3DCE0015D97E /* Resources */ = {
			isa = PBXResourcesBuildPhase;
			buildActionMask = 2147483647;
			files = (
			);
			runOnlyForDeploymentPostprocessing = 0;
		};
/* End PBXResourcesBuildPhase section */

/* Begin PBXSourcesBuildPhase section */
		41684E5F2E4A3DCB0015D97E /* Sources */ = {
			isa = PBXSourcesBuildPhase;
			buildActionMask = 2147483647;
			files = (
			);
			runOnlyForDeploymentPostprocessing = 0;
		};
		41684E6C2E4A3DCE0015D97E /* Sources */ = {
			isa = PBXSourcesBuildPhase;
			buildActionMask = 2147483647;
			files = (
			);
			runOnlyForDeploymentPostprocessing = 0;
		};
		41684E762E4A3DCE0015D97E /* Sources */ = {
			isa = PBXSourcesBuildPhase;
			buildActionMask = 2147483647;
			files = (
			);
			runOnlyForDeploymentPostprocessing = 0;
		};
/* End PBXSourcesBuildPhase section */

/* Begin PBXTargetDependency section */
		41684E722E4A3DCE0015D97E /* PBXTargetDependency */ = {
			isa = PBXTargetDependency;
			target = 41684E622E4A3DCB0015D97E /* FriendsFavourateMovies */;
			targetProxy = 41684E712E4A3DCE0015D97E /* PBXContainerItemProxy */;
		};
		41684E7C2E4A3DCE0015D97E /* PBXTargetDependency */ = {
			isa = PBXTargetDependency;
			target = 41684E622E4A3DCB0015D97E /* FriendsFavourateMovies */;
			targetProxy = 41684E7B2E4A3DCE0015D97E /* PBXContainerItemProxy */;
		};
/* End PBXTargetDependency section */

/* Begin XCBuildConfiguration section */
		41684E822E4A3DCE0015D97E /* Debug */ = {
			isa = XCBuildConfiguration;
			buildSettings = {
				ALWAYS_SEARCH_USER_PATHS = NO;
				ASSETCATALOG_COMPILER_GENERATE_SWIFT_ASSET_SYMBOL_EXTENSIONS = YES;
				CLANG_ANALYZER_NONNULL = YES;
				CLANG_ANALYZER_NUMBER_OBJECT_CONVERSION = YES_AGGRESSIVE;
				CLANG_CXX_LANGUAGE_STANDARD = "gnu++20";
				CLANG_ENABLE_MODULES = YES;
				CLANG_ENABLE_OBJC_ARC = YES;
				CLANG_ENABLE_OBJC_WEAK = YES;
				CLANG_WARN_BLOCK_CAPTURE_AUTORELEASING = YES;
				CLANG_WARN_BOOL_CONVERSION = YES;
				CLANG_WARN_COMMA = YES;
				CLANG_WARN_CONSTANT_CONVERSION = YES;
				CLANG_WARN_DEPRECATED_OBJC_IMPLEMENTATIONS = YES;
				CLANG_WARN_DIRECT_OBJC_ISA_USAGE = YES_ERROR;
				CLANG_WARN_DOCUMENTATION_COMMENTS = YES;
				CLANG_WARN_EMPTY_BODY = YES;
				CLANG_WARN_ENUM_CONVERSION = YES;
				CLANG_WARN_INFINITE_RECURSION = YES;
				CLANG_WARN_INT_CONVERSION = YES;
				CLANG_WARN_NON_LITERAL_NULL_CONVERSION = YES;
				CLANG_WARN_OBJC_IMPLICIT_RETAIN_SELF = YES;
				CLANG_WARN_OBJC_LITERAL_CONVERSION = YES;
				CLANG_WARN_OBJC_ROOT_CLASS = YES_ERROR;
				CLANG_WARN_QUOTED_INCLUDE_IN_FRAMEWORK_HEADER = YES;
				CLANG_WARN_RANGE_LOOP_ANALYSIS = YES;
				CLANG_WARN_STRICT_PROTOTYPES = YES;
				CLANG_WARN_SUSPICIOUS_MOVE = YES;
				CLANG_WARN_UNGUARDED_AVAILABILITY = YES_AGGRESSIVE;
				CLANG_WARN_UNREACHABLE_CODE = YES;
				CLANG_WARN__DUPLICATE_METHOD_MATCH = YES;
				COPY_PHASE_STRIP = NO;
				DEBUG_INFORMATION_FORMAT = dwarf;
				ENABLE_STRICT_OBJC_MSGSEND = YES;
				ENABLE_TESTABILITY = YES;
				ENABLE_USER_SCRIPT_SANDBOXING = YES;
				GCC_C_LANGUAGE_STANDARD = gnu17;
				GCC_DYNAMIC_NO_PIC = NO;
				GCC_NO_COMMON_BLOCKS = YES;
				GCC_OPTIMIZATION_LEVEL = 0;
				GCC_PREPROCESSOR_DEFINITIONS = (
					"DEBUG=1",
					"$(inherited)",
				);
				GCC_WARN_64_TO_32_BIT_CONVERSION = YES;
				GCC_WARN_ABOUT_RETURN_TYPE = YES_ERROR;
				GCC_WARN_UNDECLARED_SELECTOR = YES;
				GCC_WARN_UNINITIALIZED_AUTOS = YES_AGGRESSIVE;
				GCC_WARN_UNUSED_FUNCTION = YES;
				GCC_WARN_UNUSED_VARIABLE = YES;
				IPHONEOS_DEPLOYMENT_TARGET = 18.5;
				LOCALIZATION_PREFERS_STRING_CATALOGS = YES;
				MTL_ENABLE_DEBUG_INFO = INCLUDE_SOURCE;
				MTL_FAST_MATH = YES;
				ONLY_ACTIVE_ARCH = YES;
				SDKROOT = iphoneos;
				SWIFT_ACTIVE_COMPILATION_CONDITIONS = "DEBUG $(inherited)";
				SWIFT_OPTIMIZATION_LEVEL = "-Onone";
			};
			name = Debug;
		};
		41684E832E4A3DCE0015D97E /* Release */ = {
			isa = XCBuildConfiguration;
			buildSettings = {
				ALWAYS_SEARCH_USER_PATHS = NO;
				ASSETCATALOG_COMPILER_GENERATE_SWIFT_ASSET_SYMBOL_EXTENSIONS = YES;
				CLANG_ANALYZER_NONNULL = YES;
				CLANG_ANALYZER_NUMBER_OBJECT_CONVERSION = YES_AGGRESSIVE;
				CLANG_CXX_LANGUAGE_STANDARD = "gnu++20";
				CLANG_ENABLE_MODULES = YES;
				CLANG_ENABLE_OBJC_ARC = YES;
				CLANG_ENABLE_OBJC_WEAK = YES;
				CLANG_WARN_BLOCK_CAPTURE_AUTORELEASING = YES;
				CLANG_WARN_BOOL_CONVERSION = YES;
				CLANG_WARN_COMMA = YES;
				CLANG_WARN_CONSTANT_CONVERSION = YES;
				CLANG_WARN_DEPRECATED_OBJC_IMPLEMENTATIONS = YES;
				CLANG_WARN_DIRECT_OBJC_ISA_USAGE = YES_ERROR;
				CLANG_WARN_DOCUMENTATION_COMMENTS = YES;
				CLANG_WARN_EMPTY_BODY = YES;
				CLANG_WARN_ENUM_CONVERSION = YES;
				CLANG_WARN_INFINITE_RECURSION = YES;
				CLANG_WARN_INT_CONVERSION = YES;
				CLANG_WARN_NON_LITERAL_NULL_CONVERSION = YES;
				CLANG_WARN_OBJC_IMPLICIT_RETAIN_SELF = YES;
				CLANG_WARN_OBJC_LITERAL_CONVERSION = YES;
				CLANG_WARN_OBJC_ROOT_CLASS = YES_ERROR;
				CLANG_WARN_QUOTED_INCLUDE_IN_FRAMEWORK_HEADER = YES;
				CLANG_WARN_RANGE_LOOP_ANALYSIS = YES;
				CLANG_WARN_STRICT_PROTOTYPES = YES;
				CLANG_WARN_SUSPICIOUS_MOVE = YES;
				CLANG_WARN_UNGUARDED_AVAILABILITY = YES_AGGRESSIVE;
				CLANG_WARN_UNREACHABLE_CODE = YES;
				CLANG_WARN__DUPLICATE_METHOD_MATCH = YES;
				COPY_PHASE_STRIP = NO;
				DEBUG_INFORMATION_FORMAT = "dwarf-with-dsym";
				ENABLE_NS_ASSERTIONS = NO;
				ENABLE_STRICT_OBJC_MSGSEND = YES;
				ENABLE_USER_SCRIPT_SANDBOXING = YES;
				GCC_C_LANGUAGE_STANDARD = gnu17;
				GCC_NO_COMMON_BLOCKS = YES;
				GCC_WARN_64_TO_32_BIT_CONVERSION = YES;
				GCC_WARN_ABOUT_RETURN_TYPE = YES_ERROR;
				GCC_WARN_UNDECLARED_SELECTOR = YES;
				GCC_WARN_UNINITIALIZED_AUTOS = YES_AGGRESSIVE;
				GCC_WARN_UNUSED_FUNCTION = YES;
				GCC_WARN_UNUSED_VARIABLE = YES;
				IPHONEOS_DEPLOYMENT_TARGET = 18.5;
				LOCALIZATION_PREFERS_STRING_CATALOGS = YES;
				MTL_ENABLE_DEBUG_INFO = NO;
				MTL_FAST_MATH = YES;
				SDKROOT = iphoneos;
				SWIFT_COMPILATION_MODE = wholemodule;
				VALIDATE_PRODUCT = YES;
			};
			name = Release;
		};
		41684E852E4A3DCE0015D97E /* Debug */ = {
			isa = XCBuildConfiguration;
			buildSettings = {
				ASSETCATALOG_COMPILER_APPICON_NAME = AppIcon;
				ASSETCATALOG_COMPILER_GLOBAL_ACCENT_COLOR_NAME = AccentColor;
				CODE_SIGN_STYLE = Automatic;
				CURRENT_PROJECT_VERSION = 1;
				ENABLE_PREVIEWS = YES;
				GENERATE_INFOPLIST_FILE = YES;
				INFOPLIST_KEY_UIApplicationSceneManifest_Generation = YES;
				INFOPLIST_KEY_UIApplicationSupportsIndirectInputEvents = YES;
				INFOPLIST_KEY_UILaunchScreen_Generation = YES;
				INFOPLIST_KEY_UISupportedInterfaceOrientations_iPad = "UIInterfaceOrientationPortrait UIInterfaceOrientationPortraitUpsideDown UIInterfaceOrientationLandscapeLeft UIInterfaceOrientationLandscapeRight";
				INFOPLIST_KEY_UISupportedInterfaceOrientations_iPhone = "UIInterfaceOrientationPortrait UIInterfaceOrientationLandscapeLeft UIInterfaceOrientationLandscapeRight";
				LD_RUNPATH_SEARCH_PATHS = (
					"$(inherited)",
					"@executable_path/Frameworks",
				);
				MARKETING_VERSION = 1.0;
				PRODUCT_BUNDLE_IDENTIFIER = he.FriendsFavourateMovies;
				PRODUCT_NAME = "$(TARGET_NAME)";
				SWIFT_EMIT_LOC_STRINGS = YES;
				SWIFT_VERSION = 5.0;
				TARGETED_DEVICE_FAMILY = "1,2";
			};
			name = Debug;
		};
		41684E862E4A3DCE0015D97E /* Release */ = {
			isa = XCBuildConfiguration;
			buildSettings = {
				ASSETCATALOG_COMPILER_APPICON_NAME = AppIcon;
				ASSETCATALOG_COMPILER_GLOBAL_ACCENT_COLOR_NAME = AccentColor;
				CODE_SIGN_STYLE = Automatic;
				CURRENT_PROJECT_VERSION = 1;
				ENABLE_PREVIEWS = YES;
				GENERATE_INFOPLIST_FILE = YES;
				INFOPLIST_KEY_UIApplicationSceneManifest_Generation = YES;
				INFOPLIST_KEY_UIApplicationSupportsIndirectInputEvents = YES;
				INFOPLIST_KEY_UILaunchScreen_Generation = YES;
				INFOPLIST_KEY_UISupportedInterfaceOrientations_iPad = "UIInterfaceOrientationPortrait UIInterfaceOrientationPortraitUpsideDown UIInterfaceOrientationLandscapeLeft UIInterfaceOrientationLandscapeRight";
				INFOPLIST_KEY_UISupportedInterfaceOrientations_iPhone = "UIInterfaceOrientationPortrait UIInterfaceOrientationLandscapeLeft UIInterfaceOrientationLandscapeRight";
				LD_RUNPATH_SEARCH_PATHS = (
					"$(inherited)",
					"@executable_path/Frameworks",
				);
				MARKETING_VERSION = 1.0;
				PRODUCT_BUNDLE_IDENTIFIER = he.FriendsFavourateMovies;
				PRODUCT_NAME = "$(TARGET_NAME)";
				SWIFT_EMIT_LOC_STRINGS = YES;
				SWIFT_VERSION = 5.0;
				TARGETED_DEVICE_FAMILY = "1,2";
			};
			name = Release;
		};
		41684E882E4A3DCE0015D97E /* Debug */ = {
			isa = XCBuildConfiguration;
			buildSettings = {
				BUNDLE_LOADER = "$(TEST_HOST)";
				CODE_SIGN_STYLE = Automatic;
				CURRENT_PROJECT_VERSION = 1;
				GENERATE_INFOPLIST_FILE = YES;
				IPHONEOS_DEPLOYMENT_TARGET = 18.5;
				MARKETING_VERSION = 1.0;
				PRODUCT_BUNDLE_IDENTIFIER = he.FriendsFavourateMoviesTests;
				PRODUCT_NAME = "$(TARGET_NAME)";
				SWIFT_EMIT_LOC_STRINGS = NO;
				SWIFT_VERSION = 5.0;
				TARGETED_DEVICE_FAMILY = "1,2";
				TEST_HOST = "$(BUILT_PRODUCTS_DIR)/FriendsFavourateMovies.app/$(BUNDLE_EXECUTABLE_FOLDER_PATH)/FriendsFavourateMovies";
			};
			name = Debug;
		};
		41684E892E4A3DCE0015D97E /* Release */ = {
			isa = XCBuildConfiguration;
			buildSettings = {
				BUNDLE_LOADER = "$(TEST_HOST)";
				CODE_SIGN_STYLE = Automatic;
				CURRENT_PROJECT_VERSION = 1;
				GENERATE_INFOPLIST_FILE = YES;
				IPHONEOS_DEPLOYMENT_TARGET = 18.5;
				MARKETING_VERSION = 1.0;
				PRODUCT_BUNDLE_IDENTIFIER = he.FriendsFavourateMoviesTests;
				PRODUCT_NAME = "$(TARGET_NAME)";
				SWIFT_EMIT_LOC_STRINGS = NO;
				SWIFT_VERSION = 5.0;
				TARGETED_DEVICE_FAMILY = "1,2";
				TEST_HOST = "$(BUILT_PRODUCTS_DIR)/FriendsFavourateMovies.app/$(BUNDLE_EXECUTABLE_FOLDER_PATH)/FriendsFavourateMovies";
			};
			name = Release;
		};
		41684E8B2E4A3DCE0015D97E /* Debug */ = {
			isa = XCBuildConfiguration;
			buildSettings = {
				CODE_SIGN_STYLE = Automatic;
				CURRENT_PROJECT_VERSION = 1;
				GENERATE_INFOPLIST_FILE = YES;
				MARKETING_VERSION = 1.0;
				PRODUCT_BUNDLE_IDENTIFIER = he.FriendsFavourateMoviesUITests;
				PRODUCT_NAME = "$(TARGET_NAME)";
				SWIFT_EMIT_LOC_STRINGS = NO;
				SWIFT_VERSION = 5.0;
				TARGETED_DEVICE_FAMILY = "1,2";
				TEST_TARGET_NAME = FriendsFavourateMovies;
			};
			name = Debug;
		};
		41684E8C2E4A3DCE0015D97E /* Release */ = {
			isa = XCBuildConfiguration;
			buildSettings = {
				CODE_SIGN_STYLE = Automatic;
				CURRENT_PROJECT_VERSION = 1;
				GENERATE_INFOPLIST_FILE = YES;
				MARKETING_VERSION = 1.0;
				PRODUCT_BUNDLE_IDENTIFIER = he.FriendsFavourateMoviesUITests;
				PRODUCT_NAME = "$(TARGET_NAME)";
				SWIFT_EMIT_LOC_STRINGS = NO;
				SWIFT_VERSION = 5.0;
				TARGETED_DEVICE_FAMILY = "1,2";
				TEST_TARGET_NAME = FriendsFavourateMovies;
			};
			name = Release;
		};
/* End XCBuildConfiguration section */

/* Begin XCConfigurationList section */
		41684E5E2E4A3DCB0015D97E /* Build configuration list for PBXProject "FriendsFavourateMovies" */ = {
			isa = XCConfigurationList;
			buildConfigurations = (
				41684E822E4A3DCE0015D97E /* Debug */,
				41684E832E4A3DCE0015D97E /* Release */,
			);
			defaultConfigurationIsVisible = 0;
			defaultConfigurationName = Release;
		};
		41684E842E4A3DCE0015D97E /* Build configuration list for PBXNativeTarget "FriendsFavourateMovies" */ = {
			isa = XCConfigurationList;
			buildConfigurations = (
				41684E852E4A3DCE0015D97E /* Debug */,
				41684E862E4A3DCE0015D97E /* Release */,
			);
			defaultConfigurationIsVisible = 0;
			defaultConfigurationName = Release;
		};
		41684E872E4A3DCE0015D97E /* Build configuration list for PBXNativeTarget "FriendsFavourateMoviesTests" */ = {
			isa = XCConfigurationList;
			buildConfigurations = (
				41684E882E4A3DCE0015D97E /* Debug */,
				41684E892E4A3DCE0015D97E /* Release */,
			);
			defaultConfigurationIsVisible = 0;
			defaultConfigurationName = Release;
		};
		41684E8A2E4A3DCE0015D97E /* Build configuration list for PBXNativeTarget "FriendsFavourateMoviesUITests" */ = {
			isa = XCConfigurationList;
			buildConfigurations = (
				41684E8B2E4A3DCE0015D97E /* Debug */,
				41684E8C2E4A3DCE0015D97E /* Release */,
			);
			defaultConfigurationIsVisible = 0;
			defaultConfigurationName = Release;
		};
/* End XCConfigurationList section */
	};
	rootObject = 41684E5B2E4A3DCB0015D97E /* Project object */;
}
